
Microsoft Visual Studio Solution File, Format Version 12.00
# Visual Studio Version 16
VisualStudioVersion = 16.0.31129.286
MinimumVisualStudioVersion = 10.0.40219.1
Project("{2150E333-8FDC-42A3-9474-1A3956D46DE8}") = "services", "services", "{4EA62AE2-24CA-4FF6-BFE4-237AA1922A16}"
EndProject
Project("{2150E333-8FDC-42A3-9474-1A3956D46DE8}") = "catalog", "catalog", "{34F23C57-DF10-4923-AE03-97D3EB169EEC}"
EndProject
Project("{FAE04EC0-301F-11D3-BF4B-00C04F79EFBC}") = "catalog.API", "services\catalog\catalog.API\catalog.API.csproj", "{06CD32BE-4247-4AD0-940A-71AC54A86698}"
EndProject
Global
	GlobalSection(SolutionConfigurationPlatforms) = preSolution
		Debug|Any CPU = Debug|Any CPU
		Release|Any CPU = Release|Any CPU
	EndGlobalSection
	GlobalSection(ProjectConfigurationPlatforms) = postSolution
		{06CD32BE-4247-4AD0-940A-71AC54A86698}.Debug|Any CPU.ActiveCfg = Debug|Any CPU
		{06CD32BE-4247-4AD0-940A-71AC54A86698}.Debug|Any CPU.Build.0 = Debug|Any CPU
		{06CD32BE-4247-4AD0-940A-71AC54A86698}.Release|Any CPU.ActiveCfg = Release|Any CPU
		{06CD32BE-4247-4AD0-940A-71AC54A86698}.Release|Any CPU.Build.0 = Release|Any CPU
	EndGlobalSection
	GlobalSection(SolutionProperties) = preSolution
		HideSolutionNode = FALSE
	EndGlobalSection
	GlobalSection(NestedProjects) = preSolution
		{34F23C57-DF10-4923-AE03-97D3EB169EEC} = {4EA62AE2-24CA-4FF6-BFE4-237AA1922A16}
		{06CD32BE-4247-4AD0-940A-71AC54A86698} = {34F23C57-DF10-4923-AE03-97D3EB169EEC}
	EndGlobalSection
	GlobalSection(ExtensibilityGlobals) = postSolution
		SolutionGuid = {031830C4-829C-47CB-8E6C-0BEB6E14531D}
	EndGlobalSection
EndGlobal
